// !$*UTF8*$!
{
	archiveVersion = 1;
	classes = {
	};
	objectVersion = 55;
	objects = {

/* Begin PBXBuildFile section */
		3A29934927E8CA1C00CF744C /* AppDelegate.swift in Sources */ = {isa = PBXBuildFile; fileRef = 3A29934827E8CA1C00CF744C /* AppDelegate.swift */; };
		3A29934B27E8CA1C00CF744C /* SceneDelegate.swift in Sources */ = {isa = PBXBuildFile; fileRef = 3A29934A27E8CA1C00CF744C /* SceneDelegate.swift */; };
		3A29934D27E8CA1C00CF744C /* MainViewController.swift in Sources */ = {isa = PBXBuildFile; fileRef = 3A29934C27E8CA1C00CF744C /* MainViewController.swift */; };
		3A29935027E8CA1C00CF744C /* Main.storyboard in Resources */ = {isa = PBXBuildFile; fileRef = 3A29934E27E8CA1C00CF744C /* Main.storyboard */; };
		3A29935327E8CA1C00CF744C /* CoodinatorDemo.xcdatamodeld in Sources */ = {isa = PBXBuildFile; fileRef = 3A29935127E8CA1C00CF744C /* CoodinatorDemo.xcdatamodeld */; };
		3A29935527E8CA2000CF744C /* Assets.xcassets in Resources */ = {isa = PBXBuildFile; fileRef = 3A29935427E8CA2000CF744C /* Assets.xcassets */; };
		3A29935827E8CA2000CF744C /* LaunchScreen.storyboard in Resources */ = {isa = PBXBuildFile; fileRef = 3A29935627E8CA2000CF744C /* LaunchScreen.storyboard */; };
		3A29936327E8CA2000CF744C /* CoodinatorDemoTests.swift in Sources */ = {isa = PBXBuildFile; fileRef = 3A29936227E8CA2000CF744C /* CoodinatorDemoTests.swift */; };
		3A29936D27E8CA2000CF744C /* CoodinatorDemoUITests.swift in Sources */ = {isa = PBXBuildFile; fileRef = 3A29936C27E8CA2000CF744C /* CoodinatorDemoUITests.swift */; };
		3A29936F27E8CA2000CF744C /* CoodinatorDemoUITestsLaunchTests.swift in Sources */ = {isa = PBXBuildFile; fileRef = 3A29936E27E8CA2000CF744C /* CoodinatorDemoUITestsLaunchTests.swift */; };
		3A29937D27E93DED00CF744C /* AViewController.swift in Sources */ = {isa = PBXBuildFile; fileRef = 3A29937C27E93DED00CF744C /* AViewController.swift */; };
		3A29937F27E93E3A00CF744C /* BViewController.swift in Sources */ = {isa = PBXBuildFile; fileRef = 3A29937E27E93E3A00CF744C /* BViewController.swift */; };
		3A29938127E93EF400CF744C /* Coodinator.swift in Sources */ = {isa = PBXBuildFile; fileRef = 3A29938027E93EF400CF744C /* Coodinator.swift */; };
		3A29938327E940F600CF744C /* Storyboard.storyboard in Resources */ = {isa = PBXBuildFile; fileRef = 3A29938227E940F600CF744C /* Storyboard.storyboard */; };
		3A29948427EEC13F00CF744C /* CViewController.swift in Sources */ = {isa = PBXBuildFile; fileRef = 3A29948327EEC13F00CF744C /* CViewController.swift */; };
/* End PBXBuildFile section */

/* Begin PBXContainerItemProxy section */
		3A29935F27E8CA2000CF744C /* PBXContainerItemProxy */ = {
			isa = PBXContainerItemProxy;
			containerPortal = 3A29933D27E8CA1C00CF744C /* Project object */;
			proxyType = 1;
			remoteGlobalIDString = 3A29934427E8CA1C00CF744C;
			remoteInfo = CoodinatorDemo;
		};
		3A29936927E8CA2000CF744C /* PBXContainerItemProxy */ = {
			isa = PBXContainerItemProxy;
			containerPortal = 3A29933D27E8CA1C00CF744C /* Project object */;
			proxyType = 1;
			remoteGlobalIDString = 3A29934427E8CA1C00CF744C;
			remoteInfo = CoodinatorDemo;
		};
/* End PBXContainerItemProxy section */

/* Begin PBXFileReference section */
		3A29934527E8CA1C00CF744C /* CoodinatorDemo.app */ = {isa = PBXFileReference; explicitFileType = wrapper.application; includeInIndex = 0; path = CoodinatorDemo.app; sourceTree = BUILT_PRODUCTS_DIR; };
		3A29934827E8CA1C00CF744C /* AppDelegate.swift */ = {isa = PBXFileReference; lastKnownFileType = sourcecode.swift; path = AppDelegate.swift; sourceTree = "<group>"; };
		3A29934A27E8CA1C00CF744C /* SceneDelegate.swift */ = {isa = PBXFileReference; lastKnownFileType = sourcecode.swift; path = SceneDelegate.swift; sourceTree = "<group>"; };
		3A29934C27E8CA1C00CF744C /* MainViewController.swift */ = {isa = PBXFileReference; lastKnownFileType = sourcecode.swift; path = MainViewController.swift; sourceTree = "<group>"; };
		3A29934F27E8CA1C00CF744C /* Base */ = {isa = PBXFileReference; lastKnownFileType = file.storyboard; name = Base; path = Base.lproj/Main.storyboard; sourceTree = "<group>"; };
		3A29935227E8CA1C00CF744C /* CoodinatorDemo.xcdatamodel */ = {isa = PBXFileReference; lastKnownFileType = wrapper.xcdatamodel; path = CoodinatorDemo.xcdatamodel; sourceTree = "<group>"; };
		3A29935427E8CA2000CF744C /* Assets.xcassets */ = {isa = PBXFileReference; lastKnownFileType = folder.assetcatalog; path = Assets.xcassets; sourceTree = "<group>"; };
		3A29935727E8CA2000CF744C /* Base */ = {isa = PBXFileReference; lastKnownFileType = file.storyboard; name = Base; path = Base.lproj/LaunchScreen.storyboard; sourceTree = "<group>"; };
		3A29935927E8CA2000CF744C /* Info.plist */ = {isa = PBXFileReference; lastKnownFileType = text.plist.xml; path = Info.plist; sourceTree = "<group>"; };
		3A29935E27E8CA2000CF744C /* CoodinatorDemoTests.xctest */ = {isa = PBXFileReference; explicitFileType = wrapper.cfbundle; includeInIndex = 0; path = CoodinatorDemoTests.xctest; sourceTree = BUILT_PRODUCTS_DIR; };
		3A29936227E8CA2000CF744C /* CoodinatorDemoTests.swift */ = {isa = PBXFileReference; lastKnownFileType = sourcecode.swift; path = CoodinatorDemoTests.swift; sourceTree = "<group>"; };
		3A29936827E8CA2000CF744C /* CoodinatorDemoUITests.xctest */ = {isa = PBXFileReference; explicitFileType = wrapper.cfbundle; includeInIndex = 0; path = CoodinatorDemoUITests.xctest; sourceTree = BUILT_PRODUCTS_DIR; };
		3A29936C27E8CA2000CF744C /* CoodinatorDemoUITests.swift */ = {isa = PBXFileReference; lastKnownFileType = sourcecode.swift; path = CoodinatorDemoUITests.swift; sourceTree = "<group>"; };
		3A29936E27E8CA2000CF744C /* CoodinatorDemoUITestsLaunchTests.swift */ = {isa = PBXFileReference; lastKnownFileType = sourcecode.swift; path = CoodinatorDemoUITestsLaunchTests.swift; sourceTree = "<group>"; };
		3A29937C27E93DED00CF744C /* AViewController.swift */ = {isa = PBXFileReference; lastKnownFileType = sourcecode.swift; path = AViewController.swift; sourceTree = "<group>"; };
		3A29937E27E93E3A00CF744C /* BViewController.swift */ = {isa = PBXFileReference; lastKnownFileType = sourcecode.swift; path = BViewController.swift; sourceTree = "<group>"; };
		3A29938027E93EF400CF744C /* Coodinator.swift */ = {isa = PBXFileReference; lastKnownFileType = sourcecode.swift; path = Coodinator.swift; sourceTree = "<group>"; };
		3A29938227E940F600CF744C /* Storyboard.storyboard */ = {isa = PBXFileReference; lastKnownFileType = file.storyboard; path = Storyboard.storyboard; sourceTree = "<group>"; };
		3A29948327EEC13F00CF744C /* CViewController.swift */ = {isa = PBXFileReference; lastKnownFileType = sourcecode.swift; path = CViewController.swift; sourceTree = "<group>"; };
/* End PBXFileReference section */

/* Begin PBXFrameworksBuildPhase section */
		3A29934227E8CA1C00CF744C /* Frameworks */ = {
			isa = PBXFrameworksBuildPhase;
			buildActionMask = 2147483647;
			files = (
			);
			runOnlyForDeploymentPostprocessing = 0;
		};
		3A29935B27E8CA2000CF744C /* Frameworks */ = {
			isa = PBXFrameworksBuildPhase;
			buildActionMask = 2147483647;
			files = (
			);
			runOnlyForDeploymentPostprocessing = 0;
		};
		3A29936527E8CA2000CF744C /* Frameworks */ = {
			isa = PBXFrameworksBuildPhase;
			buildActionMask = 2147483647;
			files = (
			);
			runOnlyForDeploymentPostprocessing = 0;
		};
/* End PBXFrameworksBuildPhase section */

/* Begin PBXGroup section */
		3A29933C27E8CA1C00CF744C = {
			isa = PBXGroup;
			children = (
				3A29934727E8CA1C00CF744C /* CoodinatorDemo */,
				3A29936127E8CA2000CF744C /* CoodinatorDemoTests */,
				3A29936B27E8CA2000CF744C /* CoodinatorDemoUITests */,
				3A29934627E8CA1C00CF744C /* Products */,
			);
			sourceTree = "<group>";
		};
		3A29934627E8CA1C00CF744C /* Products */ = {
			isa = PBXGroup;
			children = (
				3A29934527E8CA1C00CF744C /* CoodinatorDemo.app */,
				3A29935E27E8CA2000CF744C /* CoodinatorDemoTests.xctest */,
				3A29936827E8CA2000CF744C /* CoodinatorDemoUITests.xctest */,
			);
			name = Products;
			sourceTree = "<group>";
		};
		3A29934727E8CA1C00CF744C /* CoodinatorDemo */ = {
			isa = PBXGroup;
			children = (
				3A29937B27E8CA3900CF744C /* UI */,
				3A29934827E8CA1C00CF744C /* AppDelegate.swift */,
				3A29938027E93EF400CF744C /* Coodinator.swift */,
				3A29934A27E8CA1C00CF744C /* SceneDelegate.swift */,
				3A29934C27E8CA1C00CF744C /* MainViewController.swift */,
				3A29934E27E8CA1C00CF744C /* Main.storyboard */,
				3A29935427E8CA2000CF744C /* Assets.xcassets */,
				3A29935627E8CA2000CF744C /* LaunchScreen.storyboard */,
				3A29935927E8CA2000CF744C /* Info.plist */,
				3A29935127E8CA1C00CF744C /* CoodinatorDemo.xcdatamodeld */,
			);
			path = CoodinatorDemo;
			sourceTree = "<group>";
		};
		3A29936127E8CA2000CF744C /* CoodinatorDemoTests */ = {
			isa = PBXGroup;
			children = (
				3A29936227E8CA2000CF744C /* CoodinatorDemoTests.swift */,
			);
			path = CoodinatorDemoTests;
			sourceTree = "<group>";
		};
		3A29936B27E8CA2000CF744C /* CoodinatorDemoUITests */ = {
			isa = PBXGroup;
			children = (
				3A29936C27E8CA2000CF744C /* CoodinatorDemoUITests.swift */,
				3A29936E27E8CA2000CF744C /* CoodinatorDemoUITestsLaunchTests.swift */,
			);
			path = CoodinatorDemoUITests;
			sourceTree = "<group>";
		};
		3A29937B27E8CA3900CF744C /* UI */ = {
			isa = PBXGroup;
			children = (
				3A29937C27E93DED00CF744C /* AViewController.swift */,
				3A29937E27E93E3A00CF744C /* BViewController.swift */,
				3A29948327EEC13F00CF744C /* CViewController.swift */,
				3A29938227E940F600CF744C /* Storyboard.storyboard */,
			);
			path = UI;
			sourceTree = "<group>";
		};
/* End PBXGroup section */

/* Begin PBXNativeTarget section */
		3A29934427E8CA1C00CF744C /* CoodinatorDemo */ = {
			isa = PBXNativeTarget;
			buildConfigurationList = 3A29937227E8CA2000CF744C /* Build configuration list for PBXNativeTarget "CoodinatorDemo" */;
			buildPhases = (
				3A29934127E8CA1C00CF744C /* Sources */,
				3A29934227E8CA1C00CF744C /* Frameworks */,
				3A29934327E8CA1C00CF744C /* Resources */,
			);
			buildRules = (
			);
			dependencies = (
			);
			name = CoodinatorDemo;
			productName = CoodinatorDemo;
			productReference = 3A29934527E8CA1C00CF744C /* CoodinatorDemo.app */;
			productType = "com.apple.product-type.application";
		};
		3A29935D27E8CA2000CF744C /* CoodinatorDemoTests */ = {
			isa = PBXNativeTarget;
			buildConfigurationList = 3A29937527E8CA2000CF744C /* Build configuration list for PBXNativeTarget "CoodinatorDemoTests" */;
			buildPhases = (
				3A29935A27E8CA2000CF744C /* Sources */,
				3A29935B27E8CA2000CF744C /* Frameworks */,
				3A29935C27E8CA2000CF744C /* Resources */,
			);
			buildRules = (
			);
			dependencies = (
				3A29936027E8CA2000CF744C /* PBXTargetDependency */,
			);
			name = CoodinatorDemoTests;
			productName = CoodinatorDemoTests;
			productReference = 3A29935E27E8CA2000CF744C /* CoodinatorDemoTests.xctest */;
			productType = "com.apple.product-type.bundle.unit-test";
		};
		3A29936727E8CA2000CF744C /* CoodinatorDemoUITests */ = {
			isa = PBXNativeTarget;
			buildConfigurationList = 3A29937827E8CA2000CF744C /* Build configuration list for PBXNativeTarget "CoodinatorDemoUITests" */;
			buildPhases = (
				3A29936427E8CA2000CF744C /* Sources */,
				3A29936527E8CA2000CF744C /* Frameworks */,
				3A29936627E8CA2000CF744C /* Resources */,
			);
			buildRules = (
			);
			dependencies = (
				3A29936A27E8CA2000CF744C /* PBXTargetDependency */,
			);
			name = CoodinatorDemoUITests;
			productName = CoodinatorDemoUITests;
			productReference = 3A29936827E8CA2000CF744C /* CoodinatorDemoUITests.xctest */;
			productType = "com.apple.product-type.bundle.ui-testing";
		};
/* End PBXNativeTarget section */

/* Begin PBXProject section */
		3A29933D27E8CA1C00CF744C /* Project object */ = {
			isa = PBXProject;
			attributes = {
				BuildIndependentTargetsInParallel = 1;
				LastSwiftUpdateCheck = 1320;
				LastUpgradeCheck = 1320;
				TargetAttributes = {
					3A29934427E8CA1C00CF744C = {
						CreatedOnToolsVersion = 13.2.1;
					};
					3A29935D27E8CA2000CF744C = {
						CreatedOnToolsVersion = 13.2.1;
						TestTargetID = 3A29934427E8CA1C00CF744C;
					};
					3A29936727E8CA2000CF744C = {
						CreatedOnToolsVersion = 13.2.1;
						TestTargetID = 3A29934427E8CA1C00CF744C;
					};
				};
			};
			buildConfigurationList = 3A29934027E8CA1C00CF744C /* Build configuration list for PBXProject "CoodinatorDemo" */;
			compatibilityVersion = "Xcode 13.0";
			developmentRegion = en;
			hasScannedForEncodings = 0;
			knownRegions = (
				en,
				Base,
			);
			mainGroup = 3A29933C27E8CA1C00CF744C;
			productRefGroup = 3A29934627E8CA1C00CF744C /* Products */;
			projectDirPath = "";
			projectRoot = "";
			targets = (
				3A29934427E8CA1C00CF744C /* CoodinatorDemo */,
				3A29935D27E8CA2000CF744C /* CoodinatorDemoTests */,
				3A29936727E8CA2000CF744C /* CoodinatorDemoUITests */,
			);
		};
/* End PBXProject section */

/* Begin PBXResourcesBuildPhase section */
		3A29934327E8CA1C00CF744C /* Resources */ = {
			isa = PBXResourcesBuildPhase;
			buildActionMask = 2147483647;
			files = (
				3A29935827E8CA2000CF744C /* LaunchScreen.storyboard in Resources */,
				3A29938327E940F600CF744C /* Storyboard.storyboard in Resources */,
				3A29935527E8CA2000CF744C /* Assets.xcassets in Resources */,
				3A29935027E8CA1C00CF744C /* Main.storyboard in Resources */,
			);
			runOnlyForDeploymentPostprocessing = 0;
		};
		3A29935C27E8CA2000CF744C /* Resources */ = {
			isa = PBXResourcesBuildPhase;
			buildActionMask = 2147483647;
			files = (
			);
			runOnlyForDeploymentPostprocessing = 0;
		};
		3A29936627E8CA2000CF744C /* Resources */ = {
			isa = PBXResourcesBuildPhase;
			buildActionMask = 2147483647;
			files = (
			);
			runOnlyForDeploymentPostprocessing = 0;
		};
/* End PBXResourcesBuildPhase section */

/* Begin PBXSourcesBuildPhase section */
		3A29934127E8CA1C00CF744C /* Sources */ = {
			isa = PBXSourcesBuildPhase;
			buildActionMask = 2147483647;
			files = (
				3A29934D27E8CA1C00CF744C /* MainViewController.swift in Sources */,
				3A29948427EEC13F00CF744C /* CViewController.swift in Sources */,
				3A29937F27E93E3A00CF744C /* BViewController.swift in Sources */,
				3A29934927E8CA1C00CF744C /* AppDelegate.swift in Sources */,
				3A29938127E93EF400CF744C /* Coodinator.swift in Sources */,
				3A29935327E8CA1C00CF744C /* CoodinatorDemo.xcdatamodeld in Sources */,
				3A29934B27E8CA1C00CF744C /* SceneDelegate.swift in Sources */,
				3A29937D27E93DED00CF744C /* AViewController.swift in Sources */,
			);
			runOnlyForDeploymentPostprocessing = 0;
		};
		3A29935A27E8CA2000CF744C /* Sources */ = {
			isa = PBXSourcesBuildPhase;
			buildActionMask = 2147483647;
			files = (
				3A29936327E8CA2000CF744C /* CoodinatorDemoTests.swift in Sources */,
			);
			runOnlyForDeploymentPostprocessing = 0;
		};
		3A29936427E8CA2000CF744C /* Sources */ = {
			isa = PBXSourcesBuildPhase;
			buildActionMask = 2147483647;
			files = (
				3A29936D27E8CA2000CF744C /* CoodinatorDemoUITests.swift in Sources */,
				3A29936F27E8CA2000CF744C /* CoodinatorDemoUITestsLaunchTests.swift in Sources */,
			);
			runOnlyForDeploymentPostprocessing = 0;
		};
/* End PBXSourcesBuildPhase section */

/* Begin PBXTargetDependency section */
		3A29936027E8CA2000CF744C /* PBXTargetDependency */ = {
			isa = PBXTargetDependency;
			target = 3A29934427E8CA1C00CF744C /* CoodinatorDemo */;
			targetProxy = 3A29935F27E8CA2000CF744C /* PBXContainerItemProxy */;
		};
		3A29936A27E8CA2000CF744C /* PBXTargetDependency */ = {
			isa = PBXTargetDependency;
			target = 3A29934427E8CA1C00CF744C /* CoodinatorDemo */;
			targetProxy = 3A29936927E8CA2000CF744C /* PBXContainerItemProxy */;
		};
/* End PBXTargetDependency section */

/* Begin PBXVariantGroup section */
		3A29934E27E8CA1C00CF744C /* Main.storyboard */ = {
			isa = PBXVariantGroup;
			children = (
				3A29934F27E8CA1C00CF744C /* Base */,
			);
			name = Main.storyboard;
			sourceTree = "<group>";
		};
		3A29935627E8CA2000CF744C /* LaunchScreen.storyboard */ = {
			isa = PBXVariantGroup;
			children = (
				3A29935727E8CA2000CF744C /* Base */,
			);
			name = LaunchScreen.storyboard;
			sourceTree = "<group>";
		};
/* End PBXVariantGroup section */

/* Begin XCBuildConfiguration section */
		3A29937027E8CA2000CF744C /* Debug */ = {
			isa = XCBuildConfiguration;
			buildSettings = {
				ALWAYS_SEARCH_USER_PATHS = NO;
				CLANG_ANALYZER_NONNULL = YES;
				CLANG_ANALYZER_NUMBER_OBJECT_CONVERSION = YES_AGGRESSIVE;
				CLANG_CXX_LANGUAGE_STANDARD = "gnu++17";
				CLANG_CXX_LIBRARY = "libc++";
				CLANG_ENABLE_MODULES = YES;
				CLANG_ENABLE_OBJC_ARC = YES;
				CLANG_ENABLE_OBJC_WEAK = YES;
				CLANG_WARN_BLOCK_CAPTURE_AUTORELEASING = YES;
				CLANG_WARN_BOOL_CONVERSION = YES;
				CLANG_WARN_COMMA = YES;
				CLANG_WARN_CONSTANT_CONVERSION = YES;
				CLANG_WARN_DEPRECATED_OBJC_IMPLEMENTATIONS = YES;
				CLANG_WARN_DIRECT_OBJC_ISA_USAGE = YES_ERROR;
				CLANG_WARN_DOCUMENTATION_COMMENTS = YES;
				CLANG_WARN_EMPTY_BODY = YES;
				CLANG_WARN_ENUM_CONVERSION = YES;
				CLANG_WARN_INFINITE_RECURSION = YES;
				CLANG_WARN_INT_CONVERSION = YES;
				CLANG_WARN_NON_LITERAL_NULL_CONVERSION = YES;
				CLANG_WARN_OBJC_IMPLICIT_RETAIN_SELF = YES;
				CLANG_WARN_OBJC_LITERAL_CONVERSION = YES;
				CLANG_WARN_OBJC_ROOT_CLASS = YES_ERROR;
				CLANG_WARN_QUOTED_INCLUDE_IN_FRAMEWORK_HEADER = YES;
				CLANG_WARN_RANGE_LOOP_ANALYSIS = YES;
				CLANG_WARN_STRICT_PROTOTYPES = YES;
				CLANG_WARN_SUSPICIOUS_MOVE = YES;
				CLANG_WARN_UNGUARDED_AVAILABILITY = YES_AGGRESSIVE;
				CLANG_WARN_UNREACHABLE_CODE = YES;
				CLANG_WARN__DUPLICATE_METHOD_MATCH = YES;
				COPY_PHASE_STRIP = NO;
				DEBUG_INFORMATION_FORMAT = dwarf;
				ENABLE_STRICT_OBJC_MSGSEND = YES;
				ENABLE_TESTABILITY = YES;
				GCC_C_LANGUAGE_STANDARD = gnu11;
				GCC_DYNAMIC_NO_PIC = NO;
				GCC_NO_COMMON_BLOCKS = YES;
				GCC_OPTIMIZATION_LEVEL = 0;
				GCC_PREPROCESSOR_DEFINITIONS = (
					"DEBUG=1",
					"$(inherited)",
				);
				GCC_WARN_64_TO_32_BIT_CONVERSION = YES;
				GCC_WARN_ABOUT_RETURN_TYPE = YES_ERROR;
				GCC_WARN_UNDECLARED_SELECTOR = YES;
				GCC_WARN_UNINITIALIZED_AUTOS = YES_AGGRESSIVE;
				GCC_WARN_UNUSED_FUNCTION = YES;
				GCC_WARN_UNUSED_VARIABLE = YES;
				IPHONEOS_DEPLOYMENT_TARGET = 15.2;
				MTL_ENABLE_DEBUG_INFO = INCLUDE_SOURCE;
				MTL_FAST_MATH = YES;
				ONLY_ACTIVE_ARCH = YES;
				SDKROOT = iphoneos;
				SWIFT_ACTIVE_COMPILATION_CONDITIONS = DEBUG;
				SWIFT_OPTIMIZATION_LEVEL = "-Onone";
			};
			name = Debug;
		};
		3A29937127E8CA2000CF744C /* Release */ = {
			isa = XCBuildConfiguration;
			buildSettings = {
				ALWAYS_SEARCH_USER_PATHS = NO;
				CLANG_ANALYZER_NONNULL = YES;
				CLANG_ANALYZER_NUMBER_OBJECT_CONVERSION = YES_AGGRESSIVE;
				CLANG_CXX_LANGUAGE_STANDARD = "gnu++17";
				CLANG_CXX_LIBRARY = "libc++";
				CLANG_ENABLE_MODULES = YES;
				CLANG_ENABLE_OBJC_ARC = YES;
				CLANG_ENABLE_OBJC_WEAK = YES;
				CLANG_WARN_BLOCK_CAPTURE_AUTORELEASING = YES;
				CLANG_WARN_BOOL_CONVERSION = YES;
				CLANG_WARN_COMMA = YES;
				CLANG_WARN_CONSTANT_CONVERSION = YES;
				CLANG_WARN_DEPRECATED_OBJC_IMPLEMENTATIONS = YES;
				CLANG_WARN_DIRECT_OBJC_ISA_USAGE = YES_ERROR;
				CLANG_WARN_DOCUMENTATION_COMMENTS = YES;
				CLANG_WARN_EMPTY_BODY = YES;
				CLANG_WARN_ENUM_CONVERSION = YES;
				CLANG_WARN_INFINITE_RECURSION = YES;
				CLANG_WARN_INT_CONVERSION = YES;
				CLANG_WARN_NON_LITERAL_NULL_CONVERSION = YES;
				CLANG_WARN_OBJC_IMPLICIT_RETAIN_SELF = YES;
				CLANG_WARN_OBJC_LITERAL_CONVERSION = YES;
				CLANG_WARN_OBJC_ROOT_CLASS = YES_ERROR;
				CLANG_WARN_QUOTED_INCLUDE_IN_FRAMEWORK_HEADER = YES;
				CLANG_WARN_RANGE_LOOP_ANALYSIS = YES;
				CLANG_WARN_STRICT_PROTOTYPES = YES;
				CLANG_WARN_SUSPICIOUS_MOVE = YES;
				CLANG_WARN_UNGUARDED_AVAILABILITY = YES_AGGRESSIVE;
				CLANG_WARN_UNREACHABLE_CODE = YES;
				CLANG_WARN__DUPLICATE_METHOD_MATCH = YES;
				COPY_PHASE_STRIP = NO;
				DEBUG_INFORMATION_FORMAT = "dwarf-with-dsym";
				ENABLE_NS_ASSERTIONS = NO;
				ENABLE_STRICT_OBJC_MSGSEND = YES;
				GCC_C_LANGUAGE_STANDARD = gnu11;
				GCC_NO_COMMON_BLOCKS = YES;
				GCC_WARN_64_TO_32_BIT_CONVERSION = YES;
				GCC_WARN_ABOUT_RETURN_TYPE = YES_ERROR;
				GCC_WARN_UNDECLARED_SELECTOR = YES;
				GCC_WARN_UNINITIALIZED_AUTOS = YES_AGGRESSIVE;
				GCC_WARN_UNUSED_FUNCTION = YES;
				GCC_WARN_UNUSED_VARIABLE = YES;
				IPHONEOS_DEPLOYMENT_TARGET = 15.2;
				MTL_ENABLE_DEBUG_INFO = NO;
				MTL_FAST_MATH = YES;
				SDKROOT = iphoneos;
				SWIFT_COMPILATION_MODE = wholemodule;
				SWIFT_OPTIMIZATION_LEVEL = "-O";
				VALIDATE_PRODUCT = YES;
			};
			name = Release;
		};
		3A29937327E8CA2000CF744C /* Debug */ = {
			isa = XCBuildConfiguration;
			buildSettings = {
				ASSETCATALOG_COMPILER_APPICON_NAME = AppIcon;
				ASSETCATALOG_COMPILER_GLOBAL_ACCENT_COLOR_NAME = AccentColor;
				CODE_SIGN_STYLE = Automatic;
				CURRENT_PROJECT_VERSION = 1;
				DEVELOPMENT_TEAM = "";
				GENERATE_INFOPLIST_FILE = YES;
				INFOPLIST_FILE = CoodinatorDemo/Info.plist;
				INFOPLIST_KEY_UIApplicationSupportsIndirectInputEvents = YES;
				INFOPLIST_KEY_UILaunchStoryboardName = LaunchScreen;
				INFOPLIST_KEY_UISupportedInterfaceOrientations_iPad = "UIInterfaceOrientationPortrait UIInterfaceOrientationPortraitUpsideDown UIInterfaceOrientationLandscapeLeft UIInterfaceOrientationLandscapeRight";
				INFOPLIST_KEY_UISupportedInterfaceOrientations_iPhone = "UIInterfaceOrientationPortrait UIInterfaceOrientationLandscapeLeft UIInterfaceOrientationLandscapeRight";
				LD_RUNPATH_SEARCH_PATHS = (
					"$(inherited)",
					"@executable_path/Frameworks",
				);
				MARKETING_VERSION = 1.0;
				PRODUCT_BUNDLE_IDENTIFIER = vince.CoodinatorDemo;
				PRODUCT_NAME = "$(TARGET_NAME)";
				SWIFT_EMIT_LOC_STRINGS = YES;
				SWIFT_VERSION = 5.0;
				TARGETED_DEVICE_FAMILY = "1,2";
			};
			name = Debug;
		};
		3A29937427E8CA2000CF744C /* Release */ = {
			isa = XCBuildConfiguration;
			buildSettings = {
				ASSETCATALOG_COMPILER_APPICON_NAME = AppIcon;
				ASSETCATALOG_COMPILER_GLOBAL_ACCENT_COLOR_NAME = AccentColor;
				CODE_SIGN_STYLE = Automatic;
				CURRENT_PROJECT_VERSION = 1;
				DEVELOPMENT_TEAM = "";
				GENERATE_INFOPLIST_FILE = YES;
				INFOPLIST_FILE = CoodinatorDemo/Info.plist;
				INFOPLIST_KEY_UIApplicationSupportsIndirectInputEvents = YES;
				INFOPLIST_KEY_UILaunchStoryboardName = LaunchScreen;
				INFOPLIST_KEY_UISupportedInterfaceOrientations_iPad = "UIInterfaceOrientationPortrait UIInterfaceOrientationPortraitUpsideDown UIInterfaceOrientationLandscapeLeft UIInterfaceOrientationLandscapeRight";
				INFOPLIST_KEY_UISupportedInterfaceOrientations_iPhone = "UIInterfaceOrientationPortrait UIInterfaceOrientationLandscapeLeft UIInterfaceOrientationLandscapeRight";
				LD_RUNPATH_SEARCH_PATHS = (
					"$(inherited)",
					"@executable_path/Frameworks",
				);
				MARKETING_VERSION = 1.0;
				PRODUCT_BUNDLE_IDENTIFIER = vince.CoodinatorDemo;
				PRODUCT_NAME = "$(TARGET_NAME)";
				SWIFT_EMIT_LOC_STRINGS = YES;
				SWIFT_VERSION = 5.0;
				TARGETED_DEVICE_FAMILY = "1,2";
			};
			name = Release;
		};
		3A29937627E8CA2000CF744C /* Debug */ = {
			isa = XCBuildConfiguration;
			buildSettings = {
				ALWAYS_EMBED_SWIFT_STANDARD_LIBRARIES = YES;
				BUNDLE_LOADER = "$(TEST_HOST)";
				CODE_SIGN_STYLE = Automatic;
				CURRENT_PROJECT_VERSION = 1;
				GENERATE_INFOPLIST_FILE = YES;
				IPHONEOS_DEPLOYMENT_TARGET = 15.2;
				MARKETING_VERSION = 1.0;
				PRODUCT_BUNDLE_IDENTIFIER = vince.CoodinatorDemoTests;
				PRODUCT_NAME = "$(TARGET_NAME)";
				SWIFT_EMIT_LOC_STRINGS = NO;
				SWIFT_VERSION = 5.0;
				TARGETED_DEVICE_FAMILY = "1,2";
				TEST_HOST = "$(BUILT_PRODUCTS_DIR)/CoodinatorDemo.app/CoodinatorDemo";
			};
			name = Debug;
		};
		3A29937727E8CA2000CF744C /* Release */ = {
			isa = XCBuildConfiguration;
			buildSettings = {
				ALWAYS_EMBED_SWIFT_STANDARD_LIBRARIES = YES;
				BUNDLE_LOADER = "$(TEST_HOST)";
				CODE_SIGN_STYLE = Automatic;
				CURRENT_PROJECT_VERSION = 1;
				GENERATE_INFOPLIST_FILE = YES;
				IPHONEOS_DEPLOYMENT_TARGET = 15.2;
				MARKETING_VERSION = 1.0;
				PRODUCT_BUNDLE_IDENTIFIER = vince.CoodinatorDemoTests;
				PRODUCT_NAME = "$(TARGET_NAME)";
				SWIFT_EMIT_LOC_STRINGS = NO;
				SWIFT_VERSION = 5.0;
				TARGETED_DEVICE_FAMILY = "1,2";
				TEST_HOST = "$(BUILT_PRODUCTS_DIR)/CoodinatorDemo.app/CoodinatorDemo";
			};
			name = Release;
		};
		3A29937927E8CA2000CF744C /* Debug */ = {
			isa = XCBuildConfiguration;
			buildSettings = {
				ALWAYS_EMBED_SWIFT_STANDARD_LIBRARIES = YES;
				CODE_SIGN_STYLE = Automatic;
				CURRENT_PROJECT_VERSION = 1;
				GENERATE_INFOPLIST_FILE = YES;
				MARKETING_VERSION = 1.0;
				PRODUCT_BUNDLE_IDENTIFIER = vince.CoodinatorDemoUITests;
				PRODUCT_NAME = "$(TARGET_NAME)";
				SWIFT_EMIT_LOC_STRINGS = NO;
				SWIFT_VERSION = 5.0;
				TARGETED_DEVICE_FAMILY = "1,2";
				TEST_TARGET_NAME = CoodinatorDemo;
			};
			name = Debug;
		};
		3A29937A27E8CA2000CF744C /* Release */ = {
			isa = XCBuildConfiguration;
			buildSettings = {
				ALWAYS_EMBED_SWIFT_STANDARD_LIBRARIES = YES;
				CODE_SIGN_STYLE = Automatic;
				CURRENT_PROJECT_VERSION = 1;
				GENERATE_INFOPLIST_FILE = YES;
				MARKETING_VERSION = 1.0;
				PRODUCT_BUNDLE_IDENTIFIER = vince.CoodinatorDemoUITests;
				PRODUCT_NAME = "$(TARGET_NAME)";
				SWIFT_EMIT_LOC_STRINGS = NO;
				SWIFT_VERSION = 5.0;
				TARGETED_DEVICE_FAMILY = "1,2";
				TEST_TARGET_NAME = CoodinatorDemo;
			};
			name = Release;
		};
/* End XCBuildConfiguration section */

/* Begin XCConfigurationList section */
		3A29934027E8CA1C00CF744C /* Build configuration list for PBXProject "CoodinatorDemo" */ = {
			isa = XCConfigurationList;
			buildConfigurations = (
				3A29937027E8CA2000CF744C /* Debug */,
				3A29937127E8CA2000CF744C /* Release */,
			);
			defaultConfigurationIsVisible = 0;
			defaultConfigurationName = Release;
		};
		3A29937227E8CA2000CF744C /* Build configuration list for PBXNativeTarget "CoodinatorDemo" */ = {
			isa = XCConfigurationList;
			buildConfigurations = (
				3A29937327E8CA2000CF744C /* Debug */,
				3A29937427E8CA2000CF744C /* Release */,
			);
			defaultConfigurationIsVisible = 0;
			defaultConfigurationName = Release;
		};
		3A29937527E8CA2000CF744C /* Build configuration list for PBXNativeTarget "CoodinatorDemoTests" */ = {
			isa = XCConfigurationList;
			buildConfigurations = (
				3A29937627E8CA2000CF744C /* Debug */,
				3A29937727E8CA2000CF744C /* Release */,
			);
			defaultConfigurationIsVisible = 0;
			defaultConfigurationName = Release;
		};
		3A29937827E8CA2000CF744C /* Build configuration list for PBXNativeTarget "CoodinatorDemoUITests" */ = {
			isa = XCConfigurationList;
			buildConfigurations = (
				3A29937927E8CA2000CF744C /* Debug */,
				3A29937A27E8CA2000CF744C /* Release */,
			);
			defaultConfigurationIsVisible = 0;
			defaultConfigurationName = Release;
		};
/* End XCConfigurationList section */

/* Begin XCVersionGroup section */
		3A29935127E8CA1C00CF744C /* CoodinatorDemo.xcdatamodeld */ = {
			isa = XCVersionGroup;
			children = (
				3A29935227E8CA1C00CF744C /* CoodinatorDemo.xcdatamodel */,
			);
			currentVersion = 3A29935227E8CA1C00CF744C /* CoodinatorDemo.xcdatamodel */;
			path = CoodinatorDemo.xcdatamodeld;
			sourceTree = "<group>";
			versionGroupType = wrapper.xcdatamodel;
		};
/* End XCVersionGroup section */
	};
	rootObject = 3A29933D27E8CA1C00CF744C /* Project object */;
}
